
Microsoft Visual Studio Solution File, Format Version 12.00
# Visual Studio Version 17
VisualStudioVersion = 17.3.32901.215
MinimumVisualStudioVersion = 10.0.40219.1
Project("{FAE04EC0-301F-11D3-BF4B-00C04F79EFBC}") = "MascheraCatasto", "MascheraCatasto\MascheraCatasto.csproj", "{CD7484C0-59A7-4F42-BE24-B0624C08DB62}"
EndProject
Global
	GlobalSection(SolutionConfigurationPlatforms) = preSolution
		Debug|Any CPU = Debug|Any CPU
		Release|Any CPU = Release|Any CPU
	EndGlobalSection
	GlobalSection(ProjectConfigurationPlatforms) = postSolution
		{CD7484C0-59A7-4F42-BE24-B0624C08DB62}.Debug|Any CPU.ActiveCfg = Debug|Any CPU
		{CD7484C0-59A7-4F42-BE24-B0624C08DB62}.Debug|Any CPU.Build.0 = Debug|Any CPU
		{CD7484C0-59A7-4F42-BE24-B0624C08DB62}.Release|Any CPU.ActiveCfg = Release|Any CPU
		{CD7484C0-59A7-4F42-BE24-B0624C08DB62}.Release|Any CPU.Build.0 = Release|Any CPU
	EndGlobalSection
	GlobalSection(SolutionProperties) = preSolution
		HideSolutionNode = FALSE
	EndGlobalSection
	GlobalSection(ExtensibilityGlobals) = postSolution
		SolutionGuid = {9E48422D-4517-4C1C-8B9E-17D064DFB5F2}
	EndGlobalSection
EndGlobal
